
Microsoft Visual Studio Solution File, Format Version 12.00
# Visual Studio Version 16
VisualStudioVersion = 16.0.30717.126
MinimumVisualStudioVersion = 10.0.40219.1
Project("{8BC9CEB8-8B4A-11D0-8D11-00A0C91BC942}") = "103_Practical_Assignment_Task5", "103_Practical_Assignment_Task5\103_Practical_Assignment_Task5.vcxproj", "{D314E689-2467-426D-8BFB-E42D93E07443}"
EndProject
Global
	GlobalSection(SolutionConfigurationPlatforms) = preSolution
		Debug|x64 = Debug|x64
		Debug|x86 = Debug|x86
		Release|x64 = Release|x64
		Release|x86 = Release|x86
	EndGlobalSection
	GlobalSection(ProjectConfigurationPlatforms) = postSolution
		{D314E689-2467-426D-8BFB-E42D93E07443}.Debug|x64.ActiveCfg = Debug|x64
		{D314E689-2467-426D-8BFB-E42D93E07443}.Debug|x64.Build.0 = Debug|x64
		{D314E689-2467-426D-8BFB-E42D93E07443}.Debug|x86.ActiveCfg = Debug|Win32
		{D314E689-2467-426D-8BFB-E42D93E07443}.Debug|x86.Build.0 = Debug|Win32
		{D314E689-2467-426D-8BFB-E42D93E07443}.Release|x64.ActiveCfg = Release|x64
		{D314E689-2467-426D-8BFB-E42D93E07443}.Release|x64.Build.0 = Release|x64
		{D314E689-2467-426D-8BFB-E42D93E07443}.Release|x86.ActiveCfg = Release|Win32
		{D314E689-2467-426D-8BFB-E42D93E07443}.Release|x86.Build.0 = Release|Win32
	EndGlobalSection
	GlobalSection(SolutionProperties) = preSolution
		HideSolutionNode = FALSE
	EndGlobalSection
	GlobalSection(ExtensibilityGlobals) = postSolution
		SolutionGuid = {C7FB2EE3-65CC-433D-B393-A44D168E1800}
	EndGlobalSection
EndGlobal
